
Microsoft Visual Studio Solution File, Format Version 12.00
# Visual Studio 14
VisualStudioVersion = 14.0.25420.1
MinimumVisualStudioVersion = 10.0.40219.1
Project("{33AD0EE8-D99B-4E14-8CD9-3F56ABEF97A2}") = "azurechallenge", "azurechallenge\azurechallenge.funproj", "{F6AE7C66-9F06-4A09-9D84-FC2049AF24F2}"
EndProject
Project("{FAE04EC0-301F-11D3-BF4B-00C04F79EFBC}") = "azuresandbox", "azuresandbox\azuresandbox.csproj", "{9B6506BA-070B-447F-8E79-97D7706CD47E}"
EndProject
Global
	GlobalSection(SolutionConfigurationPlatforms) = preSolution
		Debug|Any CPU = Debug|Any CPU
		Release|Any CPU = Release|Any CPU
	EndGlobalSection
	GlobalSection(ProjectConfigurationPlatforms) = postSolution
		{F6AE7C66-9F06-4A09-9D84-FC2049AF24F2}.Debug|Any CPU.ActiveCfg = Debug|Any CPU
		{F6AE7C66-9F06-4A09-9D84-FC2049AF24F2}.Debug|Any CPU.Build.0 = Debug|Any CPU
		{F6AE7C66-9F06-4A09-9D84-FC2049AF24F2}.Release|Any CPU.ActiveCfg = Release|Any CPU
		{F6AE7C66-9F06-4A09-9D84-FC2049AF24F2}.Release|Any CPU.Build.0 = Release|Any CPU
		{9B6506BA-070B-447F-8E79-97D7706CD47E}.Debug|Any CPU.ActiveCfg = Debug|Any CPU
		{9B6506BA-070B-447F-8E79-97D7706CD47E}.Debug|Any CPU.Build.0 = Debug|Any CPU
		{9B6506BA-070B-447F-8E79-97D7706CD47E}.Release|Any CPU.ActiveCfg = Release|Any CPU
		{9B6506BA-070B-447F-8E79-97D7706CD47E}.Release|Any CPU.Build.0 = Release|Any CPU
	EndGlobalSection
	GlobalSection(SolutionProperties) = preSolution
		HideSolutionNode = FALSE
	EndGlobalSection
EndGlobal
